<?xml version="1.0" encoding="utf-8"?>
<Project ToolsVersion="4.0" xmlns="http://schemas.microsoft.com/developer/msbuild/2003">
  <ItemGroup>
    <Filter Include="Source Files">
      <UniqueIdentifier>{4FC737F1-C7A5-4376-A066-2A32D752A2FF}</UniqueIdentifier>
      <Extensions>cpp;c;cc;cxx;def;odl;idl;hpj;bat;asm;asmx</Extensions>
    </Filter>
    <Filter Include="Header Files">
      <UniqueIdentifier>{93995380-89BD-4b04-88EB-625FBE52EBFB}</UniqueIdentifier>
      <Extensions>h;hpp;hxx;hm;inl;inc;xsd</Extensions>
    </Filter>
    <Filter Include="Resource Files">
      <UniqueIdentifier>{67DA6AB6-F800-4c08-8B7A-83BB121AAD01}</UniqueIdentifier>
      <Extensions>rc;ico;cur;bmp;dlg;rc2;rct;bin;rgs;gif;jpg;jpeg;jpe;resx;tiff;tif;png;wav;mfcribbon-ms</Extensions>
    </Filter>
  </ItemGroup>
  <ItemGroup>
    <ClCompile Include="Main.cpp">
      <Filter>Source Files</Filter>
    </ClCompile>
    <ClCompile Include="unilib\math\BoundingBox.cpp">
      <Filter>Source Files</Filter>
    </ClCompile>
    <ClCompile Include="unilib\math\BoundingFrustum.cpp">
      <Filter>Source Files</Filter>
    </ClCompile>
    <ClCompile Include="unilib\math\BoundingSphere.cpp">
      <Filter>Source Files</Filter>
    </ClCompile>
    <ClCompile Include="unilib\math\MathHelper.cpp">
      <Filter>Source Files</Filter>
    </ClCompile>
    <ClCompile Include="unilib\math\Matrix.cpp">
      <Filter>Source Files</Filter>
    </ClCompile>
    <ClCompile Include="unilib\math\Plane.cpp">
      <Filter>Source Files</Filter>
    </ClCompile>
    <ClCompile Include="unilib\math\PlaneHelper.cpp">
      <Filter>Source Files</Filter>
    </ClCompile>
    <ClCompile Include="unilib\math\PrimeCache.cpp">
      <Filter>Source Files</Filter>
    </ClCompile>
    <ClCompile Include="unilib\math\Quaternion.cpp">
      <Filter>Source Files</Filter>
    </ClCompile>
    <ClCompile Include="unilib\math\Ray.cpp">
      <Filter>Source Files</Filter>
    </ClCompile>
    <ClCompile Include="unilib\math\Vector2.cpp">
      <Filter>Source Files</Filter>
    </ClCompile>
    <ClCompile Include="unilib\math\Vector3.cpp">
      <Filter>Source Files</Filter>
    </ClCompile>
    <ClCompile Include="unilib\math\Vector4.cpp">
      <Filter>Source Files</Filter>
    </ClCompile>
    <ClCompile Include="hidrogine\Game.cpp">
      <Filter>Source Files</Filter>
    </ClCompile>
    <ClCompile Include="hidrogine\ShaderProgram.cpp">
      <Filter>Source Files</Filter>
    </ClCompile>
    <ClCompile Include="hidrogine\Utils.cpp">
      <Filter>Source Files</Filter>
    </ClCompile>
    <ClCompile Include="unilib\json\Json.cpp">
      <Filter>Source Files</Filter>
    </ClCompile>
    <ClCompile Include="unilib\util\String.cpp">
      <Filter>Source Files</Filter>
    </ClCompile>
    <ClCompile Include="hidrogine\Camera.cpp">
      <Filter>Source Files</Filter>
    </ClCompile>
  </ItemGroup>
  <ItemGroup>
    <ClInclude Include="unilib\math\Math.hpp">
      <Filter>Header Files</Filter>
    </ClInclude>
    <ClInclude Include="hidrogine\Game.h">
      <Filter>Header Files</Filter>
    </ClInclude>
    <ClInclude Include="hidrogine\ShaderProgram.h">
      <Filter>Header Files</Filter>
    </ClInclude>
    <ClInclude Include="hidrogine\Utils.h">
      <Filter>Header Files</Filter>
    </ClInclude>
    <ClInclude Include="unilib\util\String.h">
      <Filter>Header Files</Filter>
    </ClInclude>
    <ClInclude Include="unilib\util\LockMap.h">
      <Filter>Header Files</Filter>
    </ClInclude>
    <ClInclude Include="unilib\util\Comparator.h">
      <Filter>Header Files</Filter>
    </ClInclude>
    <ClInclude Include="unilib\json\Json.h">
      <Filter>Header Files</Filter>
    </ClInclude>
    <ClInclude Include="unilib\util\Collection.h">
      <Filter>Source Files</Filter>
    </ClInclude>
    <ClInclude Include="unilib\util\Iterator.h">
      <Filter>Source Files</Filter>
    </ClInclude>
    <ClInclude Include="unilib\util\TreeMap.h">
      <Filter>Source Files</Filter>
    </ClInclude>
    <ClInclude Include="unilib\util\LinkedList.h">
      <Filter>Source Files</Filter>
    </ClInclude>
    <ClInclude Include="unilib\util\HashFunction.h">
      <Filter>Source Files</Filter>
    </ClInclude>
    <ClInclude Include="unilib\util\HashMap.h">
      <Filter>Source Files</Filter>
    </ClInclude>
    <ClInclude Include="unilib\util\Map.h">
      <Filter>Source Files</Filter>
    </ClInclude>
    <ClInclude Include="unilib\util\Stack.h">
      <Filter>Source Files</Filter>
    </ClInclude>
    <ClInclude Include="hidrogine\Camera.h">
      <Filter>Header Files</Filter>
    </ClInclude>
    <ClInclude Include="unilib\util\Queue.h">
      <Filter>Source Files</Filter>
    </ClInclude>
  </ItemGroup>
  <ItemGroup>
    <ResourceCompile Include="hidrogine.rc">
      <Filter>Resource Files</Filter>
    </ResourceCompile>
  </ItemGroup>
  <ItemGroup>
    <None Include="..\..\..\NativePhysics\fragment.glsl">
      <Filter>Resource Files</Filter>
    </None>
    <None Include="..\..\..\NativePhysics\vertex.glsl">
      <Filter>Resource Files</Filter>
    </None>
  </ItemGroup>
</Project>